
Microsoft Visual Studio Solution File, Format Version 12.00
# Visual Studio Version 17
VisualStudioVersion = 17.2.32526.322
MinimumVisualStudioVersion = 10.0.40219.1
Project("{F184B08F-C81C-45F6-A57F-5ABD9991F28F}") = "odev5", "odev5\odev5.vbproj", "{A44772A4-5129-4AED-9FEC-52DC5A0F377A}"
EndProject
Global
	GlobalSection(SolutionConfigurationPlatforms) = preSolution
		Debug|Any CPU = Debug|Any CPU
		Debug|x64 = Debug|x64
		Release|Any CPU = Release|Any CPU
		Release|x64 = Release|x64
	EndGlobalSection
	GlobalSection(ProjectConfigurationPlatforms) = postSolution
		{A44772A4-5129-4AED-9FEC-52DC5A0F377A}.Debug|Any CPU.ActiveCfg = Debug|Any CPU
		{A44772A4-5129-4AED-9FEC-52DC5A0F377A}.Debug|Any CPU.Build.0 = Debug|Any CPU
		{A44772A4-5129-4AED-9FEC-52DC5A0F377A}.Debug|x64.ActiveCfg = Debug|x64
		{A44772A4-5129-4AED-9FEC-52DC5A0F377A}.Debug|x64.Build.0 = Debug|x64
		{A44772A4-5129-4AED-9FEC-52DC5A0F377A}.Release|Any CPU.ActiveCfg = Release|Any CPU
		{A44772A4-5129-4AED-9FEC-52DC5A0F377A}.Release|Any CPU.Build.0 = Release|Any CPU
		{A44772A4-5129-4AED-9FEC-52DC5A0F377A}.Release|x64.ActiveCfg = Release|x64
		{A44772A4-5129-4AED-9FEC-52DC5A0F377A}.Release|x64.Build.0 = Release|x64
	EndGlobalSection
	GlobalSection(SolutionProperties) = preSolution
		HideSolutionNode = FALSE
	EndGlobalSection
	GlobalSection(ExtensibilityGlobals) = postSolution
		SolutionGuid = {AF6E10A5-48D7-4308-A20A-6F9470724C61}
	EndGlobalSection
EndGlobal
